
Microsoft Visual Studio Solution File, Format Version 12.00
# Visual Studio Version 17
VisualStudioVersion = 17.8.34511.84
MinimumVisualStudioVersion = 10.0.40219.1
Project("{9A19103F-16F7-4668-BE54-9A1E7A4F7556}") = "WpfApp1", "WpfApp1\WpfApp1.csproj", "{9CEB60EF-2BC3-4714-8036-0465D20F9CEF}"
EndProject
Project("{FAE04EC0-301F-11D3-BF4B-00C04F79EFBC}") = "ClassLibrary1", "ClassLibrary1\ClassLibrary1.csproj", "{F9C4830B-8FE0-42C1-BC1F-9F4A3FAF6B9F}"
EndProject
Project("{2150E333-8FDC-42A3-9474-1A3956D46DE8}") = "솔루션 항목", "솔루션 항목", "{C1B7BFD2-27C1-4D49-81B0-82C4F1144B45}"
	ProjectSection(SolutionItems) = preProject
		readme.md = readme.md
	EndProjectSection
EndProject
Global
	GlobalSection(SolutionConfigurationPlatforms) = preSolution
		Debug|Any CPU = Debug|Any CPU
		Release|Any CPU = Release|Any CPU
	EndGlobalSection
	GlobalSection(ProjectConfigurationPlatforms) = postSolution
		{9CEB60EF-2BC3-4714-8036-0465D20F9CEF}.Debug|Any CPU.ActiveCfg = Debug|Any CPU
		{9CEB60EF-2BC3-4714-8036-0465D20F9CEF}.Debug|Any CPU.Build.0 = Debug|Any CPU
		{9CEB60EF-2BC3-4714-8036-0465D20F9CEF}.Release|Any CPU.ActiveCfg = Release|Any CPU
		{9CEB60EF-2BC3-4714-8036-0465D20F9CEF}.Release|Any CPU.Build.0 = Release|Any CPU
		{F9C4830B-8FE0-42C1-BC1F-9F4A3FAF6B9F}.Debug|Any CPU.ActiveCfg = Debug|Any CPU
		{F9C4830B-8FE0-42C1-BC1F-9F4A3FAF6B9F}.Debug|Any CPU.Build.0 = Debug|Any CPU
		{F9C4830B-8FE0-42C1-BC1F-9F4A3FAF6B9F}.Release|Any CPU.ActiveCfg = Release|Any CPU
		{F9C4830B-8FE0-42C1-BC1F-9F4A3FAF6B9F}.Release|Any CPU.Build.0 = Release|Any CPU
	EndGlobalSection
	GlobalSection(SolutionProperties) = preSolution
		HideSolutionNode = FALSE
	EndGlobalSection
	GlobalSection(ExtensibilityGlobals) = postSolution
		SolutionGuid = {E086D8DD-C44A-48C6-865D-E1ECF039BCA9}
	EndGlobalSection
EndGlobal
